
Microsoft Visual Studio Solution File, Format Version 12.00
# Visual Studio Version 17
VisualStudioVersion = 17.3.32922.545
MinimumVisualStudioVersion = 10.0.40219.1
Project("{FAE04EC0-301F-11D3-BF4B-00C04F79EFBC}") = "Customer", "Customer\Customer.csproj", "{6DB20E9B-2E1A-4517-9426-3A6CDF276435}"
EndProject
Project("{FAE04EC0-301F-11D3-BF4B-00C04F79EFBC}") = "UnitTests", "UnitTests\UnitTests.csproj", "{D0281F62-12AC-4C75-97DB-319B3B46DED2}"
EndProject
Global
	GlobalSection(SolutionConfigurationPlatforms) = preSolution
		Debug|Any CPU = Debug|Any CPU
		Release|Any CPU = Release|Any CPU
	EndGlobalSection
	GlobalSection(ProjectConfigurationPlatforms) = postSolution
		{6DB20E9B-2E1A-4517-9426-3A6CDF276435}.Debug|Any CPU.ActiveCfg = Debug|Any CPU
		{6DB20E9B-2E1A-4517-9426-3A6CDF276435}.Debug|Any CPU.Build.0 = Debug|Any CPU
		{6DB20E9B-2E1A-4517-9426-3A6CDF276435}.Release|Any CPU.ActiveCfg = Release|Any CPU
		{6DB20E9B-2E1A-4517-9426-3A6CDF276435}.Release|Any CPU.Build.0 = Release|Any CPU
		{D0281F62-12AC-4C75-97DB-319B3B46DED2}.Debug|Any CPU.ActiveCfg = Debug|Any CPU
		{D0281F62-12AC-4C75-97DB-319B3B46DED2}.Debug|Any CPU.Build.0 = Debug|Any CPU
		{D0281F62-12AC-4C75-97DB-319B3B46DED2}.Release|Any CPU.ActiveCfg = Release|Any CPU
		{D0281F62-12AC-4C75-97DB-319B3B46DED2}.Release|Any CPU.Build.0 = Release|Any CPU
	EndGlobalSection
	GlobalSection(SolutionProperties) = preSolution
		HideSolutionNode = FALSE
	EndGlobalSection
	GlobalSection(ExtensibilityGlobals) = postSolution
		SolutionGuid = {45704FD5-2DE8-452D-8FE6-BDAD2E5BCF0A}
	EndGlobalSection
EndGlobal
